# This file is autogenerated, do not edit; changes may be undone by the next 'dep ensure'.


[[projects]]
  name = "github.com/Sirupsen/logrus"
  packages = ["."]
  revision = "a3f95b5c423586578a4e099b11a46c2479628cac"
  version = "1.0.2"

[[projects]]
  name = "github.com/go-chi/chi"
  packages = ["."]
  revision = "25354a53cca531cb2efd3f1d3c565d90ff04d802"
  version = "v3.1.5"

[[projects]]
  branch = "master"
  name = "github.com/gorilla/feeds"
  packages = ["."]
  revision = "fa8f5548eedbe306d748925237a48d70ae4150de"

[[projects]]
  name = "github.com/pressly/chi"
  packages = [".","middleware"]
  revision = "25354a53cca531cb2efd3f1d3c565d90ff04d802"
  version = "v3.1.5"

[[projects]]
  branch = "master"
  name = "golang.org/x/sys"
  packages = ["unix"]
  revision = "43e60d72a8e2bd92ee98319ba9a384a0e9837c08"

[solve-meta]
  analyzer-name = "dep"
  analyzer-version = 1
  inputs-digest = "395d0d1680ebe74e7437c72e8cf1eef0a1f8d3e8ba51bc6a542db87b6c4ca39b"
  solver-name = "gps-cdcl"
  solver-version = 1
